
Microsoft Visual Studio Solution File, Format Version 12.00
# Visual Studio Version 17
VisualStudioVersion = 17.14.36401.2 d17.14
MinimumVisualStudioVersion = 10.0.40219.1
Project("{FAE04EC0-301F-11D3-BF4B-00C04F79EFBC}") = "CalculatorApp", "CalculatorApp\CalculatorApp.csproj", "{4438E348-4E6B-4B73-891C-99B40DEBEEF5}"
EndProject
Global
	GlobalSection(SolutionConfigurationPlatforms) = preSolution
		Debug|Any CPU = Debug|Any CPU
		Release|Any CPU = Release|Any CPU
	EndGlobalSection
	GlobalSection(ProjectConfigurationPlatforms) = postSolution
		{4438E348-4E6B-4B73-891C-99B40DEBEEF5}.Debug|Any CPU.ActiveCfg = Debug|Any CPU
		{4438E348-4E6B-4B73-891C-99B40DEBEEF5}.Debug|Any CPU.Build.0 = Debug|Any CPU
		{4438E348-4E6B-4B73-891C-99B40DEBEEF5}.Release|Any CPU.ActiveCfg = Release|Any CPU
		{4438E348-4E6B-4B73-891C-99B40DEBEEF5}.Release|Any CPU.Build.0 = Release|Any CPU
	EndGlobalSection
	GlobalSection(SolutionProperties) = preSolution
		HideSolutionNode = FALSE
	EndGlobalSection
	GlobalSection(ExtensibilityGlobals) = postSolution
		SolutionGuid = {3192DFBA-F0E5-416A-A9F8-BC7794DD23DB}
	EndGlobalSection
EndGlobal
